
Microsoft Visual Studio Solution File, Format Version 12.00
# Visual Studio 15
VisualStudioVersion = 15.0.28307.421
MinimumVisualStudioVersion = 10.0.40219.1
Project("{FAE04EC0-301F-11D3-BF4B-00C04F79EFBC}") = "LegendasTvHandler", "LegendasTvHandler.csproj", "{4D635BF3-43FA-44D9-903C-45266DD15974}"
EndProject
Project("{FAE04EC0-301F-11D3-BF4B-00C04F79EFBC}") = "LegendasTvHandlerTest", "..\LegendasTvHandlerTest\LegendasTvHandlerTest.csproj", "{64020D85-A21B-46A9-8517-D6C6172436BD}"
EndProject
Global
	GlobalSection(SolutionConfigurationPlatforms) = preSolution
		Debug|Any CPU = Debug|Any CPU
		Release|Any CPU = Release|Any CPU
	EndGlobalSection
	GlobalSection(ProjectConfigurationPlatforms) = postSolution
		{4D635BF3-43FA-44D9-903C-45266DD15974}.Debug|Any CPU.ActiveCfg = Debug|Any CPU
		{4D635BF3-43FA-44D9-903C-45266DD15974}.Debug|Any CPU.Build.0 = Debug|Any CPU
		{4D635BF3-43FA-44D9-903C-45266DD15974}.Release|Any CPU.ActiveCfg = Release|Any CPU
		{4D635BF3-43FA-44D9-903C-45266DD15974}.Release|Any CPU.Build.0 = Release|Any CPU
		{64020D85-A21B-46A9-8517-D6C6172436BD}.Debug|Any CPU.ActiveCfg = Debug|Any CPU
		{64020D85-A21B-46A9-8517-D6C6172436BD}.Debug|Any CPU.Build.0 = Debug|Any CPU
		{64020D85-A21B-46A9-8517-D6C6172436BD}.Release|Any CPU.ActiveCfg = Release|Any CPU
		{64020D85-A21B-46A9-8517-D6C6172436BD}.Release|Any CPU.Build.0 = Release|Any CPU
	EndGlobalSection
	GlobalSection(SolutionProperties) = preSolution
		HideSolutionNode = FALSE
	EndGlobalSection
	GlobalSection(ExtensibilityGlobals) = postSolution
		SolutionGuid = {3BC7B203-5898-4196-B4C9-9E28688F83D2}
	EndGlobalSection
EndGlobal
